// !$*UTF8*$!
{
	archiveVersion = 1;
	classes = {
	};
	objectVersion = 48;
	objects = {

/* Begin PBXBuildFile section */
		00B7F3F0F49AF3348E641431 /* SystemConfiguration.framework in Frameworks */ = {isa = PBXBuildFile; fileRef = 823DFBA31B6C238B472B7353 /* SystemConfiguration.framework */; };
		087F71B830380E7BE8BFDE8C /* CoreVideo.framework in Frameworks */ = {isa = PBXBuildFile; fileRef = 86D891857D8941D7B3AC8094 /* CoreVideo.framework */; };
		1547896EE5EAD8BD75D4BB93 /* CoreTelephony.framework in Frameworks */ = {isa = PBXBuildFile; fileRef = 96C4A2B37D9C122487E5BDDD /* CoreTelephony.framework */; };
		35308FAE1FE56C08001C800A /* Live Flow.storyboard in Resources */ = {isa = PBXBuildFile; fileRef = 35308FAD1FE56C08001C800A /* Live Flow.storyboard */; };
		35308FB01FE57175001C800A /* AnswerQuestionView.swift in Sources */ = {isa = PBXBuildFile; fileRef = 35308FAF1FE57175001C800A /* AnswerQuestionView.swift */; };
		35308FB31FE57710001C800A /* AnswerView.xib in Resources */ = {isa = PBXBuildFile; fileRef = 35308FB21FE57710001C800A /* AnswerView.xib */; };
		35363EAC1FD9DF760019A873 /* QuestionOptionToggle.swift in Sources */ = {isa = PBXBuildFile; fileRef = 35363EAB1FD9DF760019A873 /* QuestionOptionToggle.swift */; };
		35363EAE1FD9EB190019A873 /* QuestionOption.swift in Sources */ = {isa = PBXBuildFile; fileRef = 35363EAD1FD9EB190019A873 /* QuestionOption.swift */; };
		35660BCD1FD3782600FBA959 /* RealmManager.swift in Sources */ = {isa = PBXBuildFile; fileRef = 35660BCC1FD3782600FBA959 /* RealmManager.swift */; };
		35660BCF1FD37A6100FBA959 /* UserModel.swift in Sources */ = {isa = PBXBuildFile; fileRef = 35660BCE1FD37A6100FBA959 /* UserModel.swift */; };
		356D0BB11FF82F1C0041EEED /* QuestionView.xib in Resources */ = {isa = PBXBuildFile; fileRef = 356D0BB01FF828F00041EEED /* QuestionView.xib */; };
		3587B8691FD44DE2004B7B54 /* QuestionTableViewController.swift in Sources */ = {isa = PBXBuildFile; fileRef = 3587B8681FD44DE2004B7B54 /* QuestionTableViewController.swift */; };
		3587B86E1FD44E58004B7B54 /* Color Utilities.swift in Sources */ = {isa = PBXBuildFile; fileRef = 3587B86C1FD44E57004B7B54 /* Color Utilities.swift */; };
		3587B86F1FD44E58004B7B54 /* StyleGlobals.swift in Sources */ = {isa = PBXBuildFile; fileRef = 3587B86D1FD44E57004B7B54 /* StyleGlobals.swift */; };
		35B1AA251FD35C1900362712 /* AppDelegate.swift in Sources */ = {isa = PBXBuildFile; fileRef = 35B1AA241FD35C1900362712 /* AppDelegate.swift */; };
		35B1AA2A1FD35C1900362712 /* Main.storyboard in Resources */ = {isa = PBXBuildFile; fileRef = 35B1AA281FD35C1900362712 /* Main.storyboard */; };
		35B1AA2F1FD35C1900362712 /* Assets.xcassets in Resources */ = {isa = PBXBuildFile; fileRef = 35B1AA2E1FD35C1900362712 /* Assets.xcassets */; };
		35B1AA321FD35C1900362712 /* LaunchScreen.storyboard in Resources */ = {isa = PBXBuildFile; fileRef = 35B1AA301FD35C1900362712 /* LaunchScreen.storyboard */; };
		35B1AA3D1FD35C1900362712 /* VoteTests.swift in Sources */ = {isa = PBXBuildFile; fileRef = 35B1AA3C1FD35C1900362712 /* VoteTests.swift */; };
		35B1AA481FD35C1900362712 /* VoteUITests.swift in Sources */ = {isa = PBXBuildFile; fileRef = 35B1AA471FD35C1900362712 /* VoteUITests.swift */; };
		35C03EED1FD4599D000B225A /* Themes.xcassets in Resources */ = {isa = PBXBuildFile; fileRef = 35C03EEC1FD4599D000B225A /* Themes.xcassets */; };
		35C03EEF1FD45E78000B225A /* VoteNavigationBar.swift in Sources */ = {isa = PBXBuildFile; fileRef = 35C03EEE1FD45E78000B225A /* VoteNavigationBar.swift */; };
		35C03EF31FD493C7000B225A /* QuestionTableViewCell.swift in Sources */ = {isa = PBXBuildFile; fileRef = 35C03EF21FD493C7000B225A /* QuestionTableViewCell.swift */; };
		35D4FDB11FF8A8D4003E3EFD /* ToggleStateAnimatable.swift in Sources */ = {isa = PBXBuildFile; fileRef = 35D4FDB01FF8A8D4003E3EFD /* ToggleStateAnimatable.swift */; };
		35E710421FD74E8D006CE315 /* PrimarySplitViewController.swift in Sources */ = {isa = PBXBuildFile; fileRef = 35E710411FD74E8D006CE315 /* PrimarySplitViewController.swift */; };
		35E710461FD751DC006CE315 /* QuestionView.swift in Sources */ = {isa = PBXBuildFile; fileRef = 35E710451FD751DC006CE315 /* QuestionView.swift */; };
		35E710481FD75378006CE315 /* AnswerView.swift in Sources */ = {isa = PBXBuildFile; fileRef = 35E710471FD75377006CE315 /* AnswerView.swift */; };
		35E7104A1FD75B2C006CE315 /* QuestionTableView.swift in Sources */ = {isa = PBXBuildFile; fileRef = 35E710491FD75B2C006CE315 /* QuestionTableView.swift */; };
		35E7104D1FD7617F006CE315 /* AnswerQuestionViewController.swift in Sources */ = {isa = PBXBuildFile; fileRef = 35E7104C1FD7617F006CE315 /* AnswerQuestionViewController.swift */; };
		35E710501FD761D8006CE315 /* QuestionOptionsView.swift in Sources */ = {isa = PBXBuildFile; fileRef = 35E7104F1FD761D8006CE315 /* QuestionOptionsView.swift */; };
		35ECC5C21FD619D3009F5977 /* QuestionTableViewModel.swift in Sources */ = {isa = PBXBuildFile; fileRef = 35ECC5C11FD619D3009F5977 /* QuestionTableViewModel.swift */; };
		35ECC5C61FD61AB7009F5977 /* QuestionModel.swift in Sources */ = {isa = PBXBuildFile; fileRef = 35ECC5C51FD61AB7009F5977 /* QuestionModel.swift */; };
		35ECC5C81FD6218E009F5977 /* QuestionOptionsModel.swift in Sources */ = {isa = PBXBuildFile; fileRef = 35ECC5C71FD6218E009F5977 /* QuestionOptionsModel.swift */; };
		39A9B521F4F9EECBF7D99F7D /* CoreText.framework in Frameworks */ = {isa = PBXBuildFile; fileRef = 59470866B59BFADBDFD623B7 /* CoreText.framework */; };
		45B003031E8E42D5AEA43CDF /* BuddyBuildSDK.framework in Frameworks */ = {isa = PBXBuildFile; fileRef = 19585E54E69DF148FC9AD280 /* BuddyBuildSDK.framework */; };
		8D5648983302A707D63A5933 /* AVFoundation.framework in Frameworks */ = {isa = PBXBuildFile; fileRef = 16B5D68722D20E54D6283276 /* AVFoundation.framework */; };
		920D0606CBF2FF41EEA77A29 /* CoreMedia.framework in Frameworks */ = {isa = PBXBuildFile; fileRef = E41DEADB72F7BD3CDE1C1093 /* CoreMedia.framework */; };
		9B27DCC95596C95DDA2582B9 /* AssetsLibrary.framework in Frameworks */ = {isa = PBXBuildFile; fileRef = BB2C9AE774F3AE5CCEF7754C /* AssetsLibrary.framework */; };
		9D00077A379B1D8E52BD4989 /* QuartzCore.framework in Frameworks */ = {isa = PBXBuildFile; fileRef = F2F114C6B0E7AFC7C940C486 /* QuartzCore.framework */; };
		AA5BFF8DE450191483D14740 /* Pods_VoteUITests.framework in Frameworks */ = {isa = PBXBuildFile; fileRef = 988223D516FD91588B71DE37 /* Pods_VoteUITests.framework */; };
		D222390192467F2DFAAC3970 /* Pods_Vote.framework in Frameworks */ = {isa = PBXBuildFile; fileRef = 425F9E6B21F908027AA57B1B /* Pods_Vote.framework */; };
		F0DAB96C43332072EBA033C6 /* Pods_VoteTests.framework in Frameworks */ = {isa = PBXBuildFile; fileRef = 8E8C649D78241F99862F5D3E /* Pods_VoteTests.framework */; };
/* End PBXBuildFile section */

/* Begin PBXContainerItemProxy section */
		35B1AA391FD35C1900362712 /* PBXContainerItemProxy */ = {
			isa = PBXContainerItemProxy;
			containerPortal = 35B1AA191FD35C1900362712 /* Project object */;
			proxyType = 1;
			remoteGlobalIDString = 35B1AA201FD35C1900362712;
			remoteInfo = Vote;
		};
		35B1AA441FD35C1900362712 /* PBXContainerItemProxy */ = {
			isa = PBXContainerItemProxy;
			containerPortal = 35B1AA191FD35C1900362712 /* Project object */;
			proxyType = 1;
			remoteGlobalIDString = 35B1AA201FD35C1900362712;
			remoteInfo = Vote;
		};
/* End PBXContainerItemProxy section */

/* Begin PBXFileReference section */
		0DBBEB6EDE1BB9899AAE5309 /* Bridging-Header.h */ = {isa = PBXFileReference; includeInIndex = 1; lastKnownFileType = sourcecode.c.h; path = "Bridging-Header.h"; sourceTree = "<group>"; };
		16B5D68722D20E54D6283276 /* AVFoundation.framework */ = {isa = PBXFileReference; lastKnownFileType = wrapper.framework; name = AVFoundation.framework; path = System/Library/Frameworks/AVFoundation.framework; sourceTree = SDKROOT; };
		19585E54E69DF148FC9AD280 /* BuddyBuildSDK.framework */ = {isa = PBXFileReference; lastKnownFileType = wrapper.framework; path = BuddyBuildSDK.framework; sourceTree = "<group>"; };
		35308FAD1FE56C08001C800A /* Live Flow.storyboard */ = {isa = PBXFileReference; fileEncoding = 4; lastKnownFileType = file.storyboard; path = "Live Flow.storyboard"; sourceTree = "<group>"; };
		35308FAF1FE57175001C800A /* AnswerQuestionView.swift */ = {isa = PBXFileReference; lastKnownFileType = sourcecode.swift; path = AnswerQuestionView.swift; sourceTree = "<group>"; };
		35308FB21FE57710001C800A /* AnswerView.xib */ = {isa = PBXFileReference; lastKnownFileType = file.xib; path = AnswerView.xib; sourceTree = "<group>"; };
		35363EAB1FD9DF760019A873 /* QuestionOptionToggle.swift */ = {isa = PBXFileReference; lastKnownFileType = sourcecode.swift; path = QuestionOptionToggle.swift; sourceTree = "<group>"; };
		35363EAD1FD9EB190019A873 /* QuestionOption.swift */ = {isa = PBXFileReference; lastKnownFileType = sourcecode.swift; path = QuestionOption.swift; sourceTree = "<group>"; };
		35660BCC1FD3782600FBA959 /* RealmManager.swift */ = {isa = PBXFileReference; fileEncoding = 4; lastKnownFileType = sourcecode.swift; path = RealmManager.swift; sourceTree = "<group>"; };
		35660BCE1FD37A6100FBA959 /* UserModel.swift */ = {isa = PBXFileReference; fileEncoding = 4; lastKnownFileType = sourcecode.swift; path = UserModel.swift; sourceTree = "<group>"; };
		356D0BB01FF828F00041EEED /* QuestionView.xib */ = {isa = PBXFileReference; lastKnownFileType = file.xib; path = QuestionView.xib; sourceTree = "<group>"; };
		3587B8681FD44DE2004B7B54 /* QuestionTableViewController.swift */ = {isa = PBXFileReference; lastKnownFileType = sourcecode.swift; path = QuestionTableViewController.swift; sourceTree = "<group>"; };
		3587B86C1FD44E57004B7B54 /* Color Utilities.swift */ = {isa = PBXFileReference; fileEncoding = 4; lastKnownFileType = sourcecode.swift; path = "Color Utilities.swift"; sourceTree = "<group>"; };
		3587B86D1FD44E57004B7B54 /* StyleGlobals.swift */ = {isa = PBXFileReference; fileEncoding = 4; lastKnownFileType = sourcecode.swift; path = StyleGlobals.swift; sourceTree = "<group>"; };
		35B1AA211FD35C1900362712 /* Vote.app */ = {isa = PBXFileReference; explicitFileType = wrapper.application; includeInIndex = 0; path = Vote.app; sourceTree = BUILT_PRODUCTS_DIR; };
		35B1AA241FD35C1900362712 /* AppDelegate.swift */ = {isa = PBXFileReference; lastKnownFileType = sourcecode.swift; path = AppDelegate.swift; sourceTree = "<group>"; };
		35B1AA291FD35C1900362712 /* Base */ = {isa = PBXFileReference; lastKnownFileType = file.storyboard; name = Base; path = Base.lproj/Main.storyboard; sourceTree = "<group>"; };
		35B1AA2E1FD35C1900362712 /* Assets.xcassets */ = {isa = PBXFileReference; lastKnownFileType = folder.assetcatalog; path = Assets.xcassets; sourceTree = "<group>"; };
		35B1AA311FD35C1900362712 /* Base */ = {isa = PBXFileReference; lastKnownFileType = file.storyboard; name = Base; path = Base.lproj/LaunchScreen.storyboard; sourceTree = "<group>"; };
		35B1AA331FD35C1900362712 /* Info.plist */ = {isa = PBXFileReference; lastKnownFileType = text.plist.xml; path = Info.plist; sourceTree = "<group>"; };
		35B1AA381FD35C1900362712 /* VoteTests.xctest */ = {isa = PBXFileReference; explicitFileType = wrapper.cfbundle; includeInIndex = 0; path = VoteTests.xctest; sourceTree = BUILT_PRODUCTS_DIR; };
		35B1AA3C1FD35C1900362712 /* VoteTests.swift */ = {isa = PBXFileReference; lastKnownFileType = sourcecode.swift; path = VoteTests.swift; sourceTree = "<group>"; };
		35B1AA3E1FD35C1900362712 /* Info.plist */ = {isa = PBXFileReference; lastKnownFileType = text.plist.xml; path = Info.plist; sourceTree = "<group>"; };
		35B1AA431FD35C1900362712 /* VoteUITests.xctest */ = {isa = PBXFileReference; explicitFileType = wrapper.cfbundle; includeInIndex = 0; path = VoteUITests.xctest; sourceTree = BUILT_PRODUCTS_DIR; };
		35B1AA471FD35C1900362712 /* VoteUITests.swift */ = {isa = PBXFileReference; lastKnownFileType = sourcecode.swift; path = VoteUITests.swift; sourceTree = "<group>"; };
		35B1AA491FD35C1900362712 /* Info.plist */ = {isa = PBXFileReference; lastKnownFileType = text.plist.xml; path = Info.plist; sourceTree = "<group>"; };
		35C03EEC1FD4599D000B225A /* Themes.xcassets */ = {isa = PBXFileReference; lastKnownFileType = folder.assetcatalog; path = Themes.xcassets; sourceTree = "<group>"; };
		35C03EEE1FD45E78000B225A /* VoteNavigationBar.swift */ = {isa = PBXFileReference; lastKnownFileType = sourcecode.swift; path = VoteNavigationBar.swift; sourceTree = "<group>"; };
		35C03EF21FD493C7000B225A /* QuestionTableViewCell.swift */ = {isa = PBXFileReference; lastKnownFileType = sourcecode.swift; path = QuestionTableViewCell.swift; sourceTree = "<group>"; };
		35D4FDAE1FF86100003E3EFD /* ar */ = {isa = PBXFileReference; lastKnownFileType = text.plist.strings; name = ar; path = ar.lproj/LaunchScreen.strings; sourceTree = "<group>"; };
		35D4FDAF1FF86100003E3EFD /* ar */ = {isa = PBXFileReference; lastKnownFileType = text.plist.strings; name = ar; path = ar.lproj/Main.strings; sourceTree = "<group>"; };
		35D4FDB01FF8A8D4003E3EFD /* ToggleStateAnimatable.swift */ = {isa = PBXFileReference; lastKnownFileType = sourcecode.swift; path = ToggleStateAnimatable.swift; sourceTree = "<group>"; };
		35E710411FD74E8D006CE315 /* PrimarySplitViewController.swift */ = {isa = PBXFileReference; lastKnownFileType = sourcecode.swift; path = PrimarySplitViewController.swift; sourceTree = "<group>"; };
		35E710451FD751DC006CE315 /* QuestionView.swift */ = {isa = PBXFileReference; lastKnownFileType = sourcecode.swift; path = QuestionView.swift; sourceTree = "<group>"; };
		35E710471FD75377006CE315 /* AnswerView.swift */ = {isa = PBXFileReference; lastKnownFileType = sourcecode.swift; path = AnswerView.swift; sourceTree = "<group>"; };
		35E710491FD75B2C006CE315 /* QuestionTableView.swift */ = {isa = PBXFileReference; lastKnownFileType = sourcecode.swift; path = QuestionTableView.swift; sourceTree = "<group>"; };
		35E7104C1FD7617F006CE315 /* AnswerQuestionViewController.swift */ = {isa = PBXFileReference; lastKnownFileType = sourcecode.swift; path = AnswerQuestionViewController.swift; sourceTree = "<group>"; };
		35E7104F1FD761D8006CE315 /* QuestionOptionsView.swift */ = {isa = PBXFileReference; lastKnownFileType = sourcecode.swift; path = QuestionOptionsView.swift; sourceTree = "<group>"; };
		35ECC5C11FD619D3009F5977 /* QuestionTableViewModel.swift */ = {isa = PBXFileReference; lastKnownFileType = sourcecode.swift; path = QuestionTableViewModel.swift; sourceTree = "<group>"; };
		35ECC5C51FD61AB7009F5977 /* QuestionModel.swift */ = {isa = PBXFileReference; lastKnownFileType = sourcecode.swift; path = QuestionModel.swift; sourceTree = "<group>"; };
		35ECC5C71FD6218E009F5977 /* QuestionOptionsModel.swift */ = {isa = PBXFileReference; lastKnownFileType = sourcecode.swift; path = QuestionOptionsModel.swift; sourceTree = "<group>"; };
		425F9E6B21F908027AA57B1B /* Pods_Vote.framework */ = {isa = PBXFileReference; explicitFileType = wrapper.framework; includeInIndex = 0; path = Pods_Vote.framework; sourceTree = BUILT_PRODUCTS_DIR; };
		5688E9003EC6507C91A0EE97 /* Pods-VoteTests.debug.xcconfig */ = {isa = PBXFileReference; includeInIndex = 1; lastKnownFileType = text.xcconfig; name = "Pods-VoteTests.debug.xcconfig"; path = "Pods/Target Support Files/Pods-VoteTests/Pods-VoteTests.debug.xcconfig"; sourceTree = "<group>"; };
		59470866B59BFADBDFD623B7 /* CoreText.framework */ = {isa = PBXFileReference; lastKnownFileType = wrapper.framework; name = CoreText.framework; path = System/Library/Frameworks/CoreText.framework; sourceTree = SDKROOT; };
		7095F44A858C6B9F9E38FB32 /* Pods-Vote.release.xcconfig */ = {isa = PBXFileReference; includeInIndex = 1; lastKnownFileType = text.xcconfig; name = "Pods-Vote.release.xcconfig"; path = "Pods/Target Support Files/Pods-Vote/Pods-Vote.release.xcconfig"; sourceTree = "<group>"; };
		823DFBA31B6C238B472B7353 /* SystemConfiguration.framework */ = {isa = PBXFileReference; lastKnownFileType = wrapper.framework; name = SystemConfiguration.framework; path = System/Library/Frameworks/SystemConfiguration.framework; sourceTree = SDKROOT; };
		8659DCDB56034FA2B5A0AD5A /* Pods-VoteUITests.debug.xcconfig */ = {isa = PBXFileReference; includeInIndex = 1; lastKnownFileType = text.xcconfig; name = "Pods-VoteUITests.debug.xcconfig"; path = "Pods/Target Support Files/Pods-VoteUITests/Pods-VoteUITests.debug.xcconfig"; sourceTree = "<group>"; };
		86D891857D8941D7B3AC8094 /* CoreVideo.framework */ = {isa = PBXFileReference; lastKnownFileType = wrapper.framework; name = CoreVideo.framework; path = System/Library/Frameworks/CoreVideo.framework; sourceTree = SDKROOT; };
		8E8C649D78241F99862F5D3E /* Pods_VoteTests.framework */ = {isa = PBXFileReference; explicitFileType = wrapper.framework; includeInIndex = 0; path = Pods_VoteTests.framework; sourceTree = BUILT_PRODUCTS_DIR; };
		96C4A2B37D9C122487E5BDDD /* CoreTelephony.framework */ = {isa = PBXFileReference; lastKnownFileType = wrapper.framework; name = CoreTelephony.framework; path = System/Library/Frameworks/CoreTelephony.framework; sourceTree = SDKROOT; };
		988223D516FD91588B71DE37 /* Pods_VoteUITests.framework */ = {isa = PBXFileReference; explicitFileType = wrapper.framework; includeInIndex = 0; path = Pods_VoteUITests.framework; sourceTree = BUILT_PRODUCTS_DIR; };
		BB2C9AE774F3AE5CCEF7754C /* AssetsLibrary.framework */ = {isa = PBXFileReference; lastKnownFileType = wrapper.framework; name = AssetsLibrary.framework; path = System/Library/Frameworks/AssetsLibrary.framework; sourceTree = SDKROOT; };
		C850CA7117647DB1751377EC /* Pods-VoteUITests.release.xcconfig */ = {isa = PBXFileReference; includeInIndex = 1; lastKnownFileType = text.xcconfig; name = "Pods-VoteUITests.release.xcconfig"; path = "Pods/Target Support Files/Pods-VoteUITests/Pods-VoteUITests.release.xcconfig"; sourceTree = "<group>"; };
		C9B8D16AC884A501C5A7A918 /* Pods-VoteTests.release.xcconfig */ = {isa = PBXFileReference; includeInIndex = 1; lastKnownFileType = text.xcconfig; name = "Pods-VoteTests.release.xcconfig"; path = "Pods/Target Support Files/Pods-VoteTests/Pods-VoteTests.release.xcconfig"; sourceTree = "<group>"; };
		CC7CD8E96BA46FF1D665304D /* Pods-Vote.debug.xcconfig */ = {isa = PBXFileReference; includeInIndex = 1; lastKnownFileType = text.xcconfig; name = "Pods-Vote.debug.xcconfig"; path = "Pods/Target Support Files/Pods-Vote/Pods-Vote.debug.xcconfig"; sourceTree = "<group>"; };
		E41DEADB72F7BD3CDE1C1093 /* CoreMedia.framework */ = {isa = PBXFileReference; lastKnownFileType = wrapper.framework; name = CoreMedia.framework; path = System/Library/Frameworks/CoreMedia.framework; sourceTree = SDKROOT; };
		F2F114C6B0E7AFC7C940C486 /* QuartzCore.framework */ = {isa = PBXFileReference; lastKnownFileType = wrapper.framework; name = QuartzCore.framework; path = System/Library/Frameworks/QuartzCore.framework; sourceTree = SDKROOT; };
/* End PBXFileReference section */

/* Begin PBXFrameworksBuildPhase section */
		35B1AA1E1FD35C1900362712 /* Frameworks */ = {
			isa = PBXFrameworksBuildPhase;
			buildActionMask = 2147483647;
			files = (
				D222390192467F2DFAAC3970 /* Pods_Vote.framework in Frameworks */,
				45B003031E8E42D5AEA43CDF /* BuddyBuildSDK.framework in Frameworks */,
				9B27DCC95596C95DDA2582B9 /* AssetsLibrary.framework in Frameworks */,
				39A9B521F4F9EECBF7D99F7D /* CoreText.framework in Frameworks */,
				1547896EE5EAD8BD75D4BB93 /* CoreTelephony.framework in Frameworks */,
				00B7F3F0F49AF3348E641431 /* SystemConfiguration.framework in Frameworks */,
				9D00077A379B1D8E52BD4989 /* QuartzCore.framework in Frameworks */,
				8D5648983302A707D63A5933 /* AVFoundation.framework in Frameworks */,
				920D0606CBF2FF41EEA77A29 /* CoreMedia.framework in Frameworks */,
				087F71B830380E7BE8BFDE8C /* CoreVideo.framework in Frameworks */,
			);
			runOnlyForDeploymentPostprocessing = 0;
		};
		35B1AA351FD35C1900362712 /* Frameworks */ = {
			isa = PBXFrameworksBuildPhase;
			buildActionMask = 2147483647;
			files = (
				F0DAB96C43332072EBA033C6 /* Pods_VoteTests.framework in Frameworks */,
			);
			runOnlyForDeploymentPostprocessing = 0;
		};
		35B1AA401FD35C1900362712 /* Frameworks */ = {
			isa = PBXFrameworksBuildPhase;
			buildActionMask = 2147483647;
			files = (
				AA5BFF8DE450191483D14740 /* Pods_VoteUITests.framework in Frameworks */,
			);
			runOnlyForDeploymentPostprocessing = 0;
		};
/* End PBXFrameworksBuildPhase section */

/* Begin PBXGroup section */
		35308FB11FE576EE001C800A /* Question and answer */ = {
			isa = PBXGroup;
			children = (
				35E710471FD75377006CE315 /* AnswerView.swift */,
				35E710451FD751DC006CE315 /* QuestionView.swift */,
				356D0BB01FF828F00041EEED /* QuestionView.xib */,
				35308FB21FE57710001C800A /* AnswerView.xib */,
			);
			path = "Question and answer";
			sourceTree = "<group>";
		};
		35363EB11FD9FD5B0019A873 /* Question Option Toggle */ = {
			isa = PBXGroup;
			children = (
				35363EAB1FD9DF760019A873 /* QuestionOptionToggle.swift */,
			);
			path = "Question Option Toggle";
			sourceTree = "<group>";
		};
		35B1AA181FD35C1900362712 = {
			isa = PBXGroup;
			children = (
				35B1AA231FD35C1900362712 /* Vote */,
				35B1AA3B1FD35C1900362712 /* VoteTests */,
				35B1AA461FD35C1900362712 /* VoteUITests */,
				35B1AA221FD35C1900362712 /* Products */,
				7873B4C81D866C227488A8DE /* Pods */,
				DF852EE8BAB74211AE51F0A7 /* Frameworks */,
				0DBBEB6EDE1BB9899AAE5309 /* Bridging-Header.h */,
			);
			sourceTree = "<group>";
		};
		35B1AA221FD35C1900362712 /* Products */ = {
			isa = PBXGroup;
			children = (
				35B1AA211FD35C1900362712 /* Vote.app */,
				35B1AA381FD35C1900362712 /* VoteTests.xctest */,
				35B1AA431FD35C1900362712 /* VoteUITests.xctest */,
			);
			name = Products;
			sourceTree = "<group>";
		};
		35B1AA231FD35C1900362712 /* Vote */ = {
			isa = PBXGroup;
			children = (
				35C03EEA1FD458B9000B225A /* Scenes */,
				35C03EE61FD45877000B225A /* Views */,
				35C03EE31FD4584A000B225A /* Model */,
				35C03EE51FD45862000B225A /* Resources */,
				35C03EE21FD45578000B225A /* Utilities */,
				35B1AA281FD35C1900362712 /* Main.storyboard */,
				35308FAD1FE56C08001C800A /* Live Flow.storyboard */,
				35B1AA241FD35C1900362712 /* AppDelegate.swift */,
				35B1AA331FD35C1900362712 /* Info.plist */,
			);
			path = Vote;
			sourceTree = "<group>";
		};
		35B1AA3B1FD35C1900362712 /* VoteTests */ = {
			isa = PBXGroup;
			children = (
				35B1AA3C1FD35C1900362712 /* VoteTests.swift */,
				35B1AA3E1FD35C1900362712 /* Info.plist */,
			);
			path = VoteTests;
			sourceTree = "<group>";
		};
		35B1AA461FD35C1900362712 /* VoteUITests */ = {
			isa = PBXGroup;
			children = (
				35B1AA471FD35C1900362712 /* VoteUITests.swift */,
				35B1AA491FD35C1900362712 /* Info.plist */,
			);
			path = VoteUITests;
			sourceTree = "<group>";
		};
		35C03EE21FD45578000B225A /* Utilities */ = {
			isa = PBXGroup;
			children = (
				3587B86C1FD44E57004B7B54 /* Color Utilities.swift */,
				3587B86D1FD44E57004B7B54 /* StyleGlobals.swift */,
				35D4FDB01FF8A8D4003E3EFD /* ToggleStateAnimatable.swift */,
			);
			path = Utilities;
			sourceTree = "<group>";
		};
		35C03EE31FD4584A000B225A /* Model */ = {
			isa = PBXGroup;
			children = (
				35ECC5C41FD61AA9009F5977 /* Questions */,
				35660BCE1FD37A6100FBA959 /* UserModel.swift */,
				35660BCC1FD3782600FBA959 /* RealmManager.swift */,
			);
			path = Model;
			sourceTree = "<group>";
		};
		35C03EE51FD45862000B225A /* Resources */ = {
			isa = PBXGroup;
			children = (
				35C03EEC1FD4599D000B225A /* Themes.xcassets */,
				35B1AA2E1FD35C1900362712 /* Assets.xcassets */,
				35B1AA301FD35C1900362712 /* LaunchScreen.storyboard */,
			);
			path = Resources;
			sourceTree = "<group>";
		};
		35C03EE61FD45877000B225A /* Views */ = {
			isa = PBXGroup;
			children = (
				35308FB11FE576EE001C800A /* Question and answer */,
				35363EB11FD9FD5B0019A873 /* Question Option Toggle */,
				35E7104E1FD761BB006CE315 /* Toolbar */,
				35E710441FD751BB006CE315 /* Navigation */,
				35C03EE81FD4588F000B225A /* Cells */,
			);
			path = Views;
			sourceTree = "<group>";
		};
		35C03EE81FD4588F000B225A /* Cells */ = {
			isa = PBXGroup;
			children = (
			);
			path = Cells;
			sourceTree = "<group>";
		};
		35C03EEA1FD458B9000B225A /* Scenes */ = {
			isa = PBXGroup;
			children = (
				35E7104B1FD76160006CE315 /* Answer Question */,
				35C03EEB1FD458BF000B225A /* Questions */,
			);
			path = Scenes;
			sourceTree = "<group>";
		};
		35C03EEB1FD458BF000B225A /* Questions */ = {
			isa = PBXGroup;
			children = (
				35E710491FD75B2C006CE315 /* QuestionTableView.swift */,
				35ECC5C11FD619D3009F5977 /* QuestionTableViewModel.swift */,
				3587B8681FD44DE2004B7B54 /* QuestionTableViewController.swift */,
				35C03EF21FD493C7000B225A /* QuestionTableViewCell.swift */,
			);
			path = Questions;
			sourceTree = "<group>";
		};
		35E710441FD751BB006CE315 /* Navigation */ = {
			isa = PBXGroup;
			children = (
				35E710411FD74E8D006CE315 /* PrimarySplitViewController.swift */,
				35C03EEE1FD45E78000B225A /* VoteNavigationBar.swift */,
			);
			path = Navigation;
			sourceTree = "<group>";
		};
		35E7104B1FD76160006CE315 /* Answer Question */ = {
			isa = PBXGroup;
			children = (
				35E7104C1FD7617F006CE315 /* AnswerQuestionViewController.swift */,
				35308FAF1FE57175001C800A /* AnswerQuestionView.swift */,
			);
			path = "Answer Question";
			sourceTree = "<group>";
		};
		35E7104E1FD761BB006CE315 /* Toolbar */ = {
			isa = PBXGroup;
			children = (
				35E7104F1FD761D8006CE315 /* QuestionOptionsView.swift */,
			);
			path = Toolbar;
			sourceTree = "<group>";
		};
		35ECC5C41FD61AA9009F5977 /* Questions */ = {
			isa = PBXGroup;
			children = (
				35ECC5C51FD61AB7009F5977 /* QuestionModel.swift */,
				35ECC5C71FD6218E009F5977 /* QuestionOptionsModel.swift */,
				35363EAD1FD9EB190019A873 /* QuestionOption.swift */,
			);
			path = Questions;
			sourceTree = "<group>";
		};
		7873B4C81D866C227488A8DE /* Pods */ = {
			isa = PBXGroup;
			children = (
				CC7CD8E96BA46FF1D665304D /* Pods-Vote.debug.xcconfig */,
				7095F44A858C6B9F9E38FB32 /* Pods-Vote.release.xcconfig */,
				5688E9003EC6507C91A0EE97 /* Pods-VoteTests.debug.xcconfig */,
				C9B8D16AC884A501C5A7A918 /* Pods-VoteTests.release.xcconfig */,
				8659DCDB56034FA2B5A0AD5A /* Pods-VoteUITests.debug.xcconfig */,
				C850CA7117647DB1751377EC /* Pods-VoteUITests.release.xcconfig */,
			);
			name = Pods;
			sourceTree = "<group>";
		};
		DF852EE8BAB74211AE51F0A7 /* Frameworks */ = {
			isa = PBXGroup;
			children = (
				425F9E6B21F908027AA57B1B /* Pods_Vote.framework */,
				8E8C649D78241F99862F5D3E /* Pods_VoteTests.framework */,
				988223D516FD91588B71DE37 /* Pods_VoteUITests.framework */,
				19585E54E69DF148FC9AD280 /* BuddyBuildSDK.framework */,
				BB2C9AE774F3AE5CCEF7754C /* AssetsLibrary.framework */,
				59470866B59BFADBDFD623B7 /* CoreText.framework */,
				96C4A2B37D9C122487E5BDDD /* CoreTelephony.framework */,
				823DFBA31B6C238B472B7353 /* SystemConfiguration.framework */,
				F2F114C6B0E7AFC7C940C486 /* QuartzCore.framework */,
				16B5D68722D20E54D6283276 /* AVFoundation.framework */,
				E41DEADB72F7BD3CDE1C1093 /* CoreMedia.framework */,
				86D891857D8941D7B3AC8094 /* CoreVideo.framework */,
			);
			name = Frameworks;
			sourceTree = "<group>";
		};
/* End PBXGroup section */

/* Begin PBXNativeTarget section */
		35B1AA201FD35C1900362712 /* Vote */ = {
			isa = PBXNativeTarget;
			buildConfigurationList = 35B1AA4C1FD35C1900362712 /* Build configuration list for PBXNativeTarget "Vote" */;
			buildPhases = (
				9A7E2EAB9977E268B72117EB /* [CP] Check Pods Manifest.lock */,
				35B1AA1D1FD35C1900362712 /* Sources */,
				35B1AA1E1FD35C1900362712 /* Frameworks */,
				35B1AA1F1FD35C1900362712 /* Resources */,
				F945942A3803D7F440BCE178 /* [CP] Embed Pods Frameworks */,
				A34F2A3283B5A184510A973C /* [CP] Copy Pods Resources */,
			);
			buildRules = (
			);
			dependencies = (
			);
			name = Vote;
			productName = Vote;
			productReference = 35B1AA211FD35C1900362712 /* Vote.app */;
			productType = "com.apple.product-type.application";
		};
		35B1AA371FD35C1900362712 /* VoteTests */ = {
			isa = PBXNativeTarget;
			buildConfigurationList = 35B1AA4F1FD35C1900362712 /* Build configuration list for PBXNativeTarget "VoteTests" */;
			buildPhases = (
				0EF0E4DE0C5DFB9CE8B1BA81 /* [CP] Check Pods Manifest.lock */,
				35B1AA341FD35C1900362712 /* Sources */,
				35B1AA351FD35C1900362712 /* Frameworks */,
				35B1AA361FD35C1900362712 /* Resources */,
				F6999D3EA773EFEACF96A45E /* [CP] Embed Pods Frameworks */,
				0227DA2003AE6180809393D8 /* [CP] Copy Pods Resources */,
			);
			buildRules = (
			);
			dependencies = (
				35B1AA3A1FD35C1900362712 /* PBXTargetDependency */,
			);
			name = VoteTests;
			productName = VoteTests;
			productReference = 35B1AA381FD35C1900362712 /* VoteTests.xctest */;
			productType = "com.apple.product-type.bundle.unit-test";
		};
		35B1AA421FD35C1900362712 /* VoteUITests */ = {
			isa = PBXNativeTarget;
			buildConfigurationList = 35B1AA521FD35C1900362712 /* Build configuration list for PBXNativeTarget "VoteUITests" */;
			buildPhases = (
				7BDC7ED9E4D029BE74528597 /* [CP] Check Pods Manifest.lock */,
				35B1AA3F1FD35C1900362712 /* Sources */,
				35B1AA401FD35C1900362712 /* Frameworks */,
				35B1AA411FD35C1900362712 /* Resources */,
				1AE8519931CFA1E161A175B8 /* [CP] Embed Pods Frameworks */,
				3BF4C6BA7FAB7AE0CB7185E6 /* [CP] Copy Pods Resources */,
			);
			buildRules = (
			);
			dependencies = (
				35B1AA451FD35C1900362712 /* PBXTargetDependency */,
			);
			name = VoteUITests;
			productName = VoteUITests;
			productReference = 35B1AA431FD35C1900362712 /* VoteUITests.xctest */;
			productType = "com.apple.product-type.bundle.ui-testing";
		};
/* End PBXNativeTarget section */

/* Begin PBXProject section */
		35B1AA191FD35C1900362712 /* Project object */ = {
			isa = PBXProject;
			attributes = {
				LastSwiftUpdateCheck = 0910;
				LastUpgradeCheck = 0910;
				ORGANIZATIONNAME = "Tiziano Coroneo";
				TargetAttributes = {
					35B1AA201FD35C1900362712 = {
						CreatedOnToolsVersion = 9.1;
						ProvisioningStyle = Automatic;
					};
					35B1AA371FD35C1900362712 = {
						CreatedOnToolsVersion = 9.1;
						ProvisioningStyle = Automatic;
						TestTargetID = 35B1AA201FD35C1900362712;
					};
					35B1AA421FD35C1900362712 = {
						CreatedOnToolsVersion = 9.1;
						ProvisioningStyle = Automatic;
						TestTargetID = 35B1AA201FD35C1900362712;
					};
				};
			};
			buildConfigurationList = 35B1AA1C1FD35C1900362712 /* Build configuration list for PBXProject "Vote" */;
			compatibilityVersion = "Xcode 8.0";
			developmentRegion = en;
			hasScannedForEncodings = 0;
			knownRegions = (
				en,
				Base,
			);
			mainGroup = 35B1AA181FD35C1900362712;
			productRefGroup = 35B1AA221FD35C1900362712 /* Products */;
			projectDirPath = "";
			projectRoot = "";
			targets = (
				35B1AA201FD35C1900362712 /* Vote */,
				35B1AA371FD35C1900362712 /* VoteTests */,
				35B1AA421FD35C1900362712 /* VoteUITests */,
			);
		};
/* End PBXProject section */

/* Begin PBXResourcesBuildPhase section */
		35B1AA1F1FD35C1900362712 /* Resources */ = {
			isa = PBXResourcesBuildPhase;
			buildActionMask = 2147483647;
			files = (
				35B1AA321FD35C1900362712 /* LaunchScreen.storyboard in Resources */,
				35C03EED1FD4599D000B225A /* Themes.xcassets in Resources */,
				356D0BB11FF82F1C0041EEED /* QuestionView.xib in Resources */,
				35308FB31FE57710001C800A /* AnswerView.xib in Resources */,
				35308FAE1FE56C08001C800A /* Live Flow.storyboard in Resources */,
				35B1AA2F1FD35C1900362712 /* Assets.xcassets in Resources */,
				35B1AA2A1FD35C1900362712 /* Main.storyboard in Resources */,
			);
			runOnlyForDeploymentPostprocessing = 0;
		};
		35B1AA361FD35C1900362712 /* Resources */ = {
			isa = PBXResourcesBuildPhase;
			buildActionMask = 2147483647;
			files = (
			);
			runOnlyForDeploymentPostprocessing = 0;
		};
		35B1AA411FD35C1900362712 /* Resources */ = {
			isa = PBXResourcesBuildPhase;
			buildActionMask = 2147483647;
			files = (
			);
			runOnlyForDeploymentPostprocessing = 0;
		};
/* End PBXResourcesBuildPhase section */

/* Begin PBXShellScriptBuildPhase section */
		0227DA2003AE6180809393D8 /* [CP] Copy Pods Resources */ = {
			isa = PBXShellScriptBuildPhase;
			buildActionMask = 2147483647;
			files = (
			);
			inputPaths = (
			);
			name = "[CP] Copy Pods Resources";
			outputPaths = (
			);
			runOnlyForDeploymentPostprocessing = 0;
			shellPath = /bin/sh;
			shellScript = "\"${SRCROOT}/Pods/Target Support Files/Pods-VoteTests/Pods-VoteTests-resources.sh\"\n";
			showEnvVarsInLog = 0;
		};
		0EF0E4DE0C5DFB9CE8B1BA81 /* [CP] Check Pods Manifest.lock */ = {
			isa = PBXShellScriptBuildPhase;
			buildActionMask = 2147483647;
			files = (
			);
			inputPaths = (
				"${PODS_PODFILE_DIR_PATH}/Podfile.lock",
				"${PODS_ROOT}/Manifest.lock",
			);
			name = "[CP] Check Pods Manifest.lock";
			outputPaths = (
				"$(DERIVED_FILE_DIR)/Pods-VoteTests-checkManifestLockResult.txt",
			);
			runOnlyForDeploymentPostprocessing = 0;
			shellPath = /bin/sh;
			shellScript = "diff \"${PODS_PODFILE_DIR_PATH}/Podfile.lock\" \"${PODS_ROOT}/Manifest.lock\" > /dev/null\nif [ $? != 0 ] ; then\n    # print error to STDERR\n    echo \"error: The sandbox is not in sync with the Podfile.lock. Run 'pod install' or update your CocoaPods installation.\" >&2\n    exit 1\nfi\n# This output is used by Xcode 'outputs' to avoid re-running this script phase.\necho \"SUCCESS\" > \"${SCRIPT_OUTPUT_FILE_0}\"\n";
			showEnvVarsInLog = 0;
		};
		1AE8519931CFA1E161A175B8 /* [CP] Embed Pods Frameworks */ = {
			isa = PBXShellScriptBuildPhase;
			buildActionMask = 2147483647;
			files = (
			);
			inputPaths = (
				"${SRCROOT}/Pods/Target Support Files/Pods-VoteUITests/Pods-VoteUITests-frameworks.sh",
				"${BUILT_PRODUCTS_DIR}/Nimble/Nimble.framework",
				"${BUILT_PRODUCTS_DIR}/Quick/Quick.framework",
			);
			name = "[CP] Embed Pods Frameworks";
			outputPaths = (
				"${TARGET_BUILD_DIR}/${FRAMEWORKS_FOLDER_PATH}/Nimble.framework",
				"${TARGET_BUILD_DIR}/${FRAMEWORKS_FOLDER_PATH}/Quick.framework",
			);
			runOnlyForDeploymentPostprocessing = 0;
			shellPath = /bin/sh;
			shellScript = "\"${SRCROOT}/Pods/Target Support Files/Pods-VoteUITests/Pods-VoteUITests-frameworks.sh\"\n";
			showEnvVarsInLog = 0;
		};
		3BF4C6BA7FAB7AE0CB7185E6 /* [CP] Copy Pods Resources */ = {
			isa = PBXShellScriptBuildPhase;
			buildActionMask = 2147483647;
			files = (
			);
			inputPaths = (
			);
			name = "[CP] Copy Pods Resources";
			outputPaths = (
			);
			runOnlyForDeploymentPostprocessing = 0;
			shellPath = /bin/sh;
			shellScript = "\"${SRCROOT}/Pods/Target Support Files/Pods-VoteUITests/Pods-VoteUITests-resources.sh\"\n";
			showEnvVarsInLog = 0;
		};
		7BDC7ED9E4D029BE74528597 /* [CP] Check Pods Manifest.lock */ = {
			isa = PBXShellScriptBuildPhase;
			buildActionMask = 2147483647;
			files = (
			);
			inputPaths = (
				"${PODS_PODFILE_DIR_PATH}/Podfile.lock",
				"${PODS_ROOT}/Manifest.lock",
			);
			name = "[CP] Check Pods Manifest.lock";
			outputPaths = (
				"$(DERIVED_FILE_DIR)/Pods-VoteUITests-checkManifestLockResult.txt",
			);
			runOnlyForDeploymentPostprocessing = 0;
			shellPath = /bin/sh;
			shellScript = "diff \"${PODS_PODFILE_DIR_PATH}/Podfile.lock\" \"${PODS_ROOT}/Manifest.lock\" > /dev/null\nif [ $? != 0 ] ; then\n    # print error to STDERR\n    echo \"error: The sandbox is not in sync with the Podfile.lock. Run 'pod install' or update your CocoaPods installation.\" >&2\n    exit 1\nfi\n# This output is used by Xcode 'outputs' to avoid re-running this script phase.\necho \"SUCCESS\" > \"${SCRIPT_OUTPUT_FILE_0}\"\n";
			showEnvVarsInLog = 0;
		};
		9A7E2EAB9977E268B72117EB /* [CP] Check Pods Manifest.lock */ = {
			isa = PBXShellScriptBuildPhase;
			buildActionMask = 2147483647;
			files = (
			);
			inputPaths = (
				"${PODS_PODFILE_DIR_PATH}/Podfile.lock",
				"${PODS_ROOT}/Manifest.lock",
			);
			name = "[CP] Check Pods Manifest.lock";
			outputPaths = (
				"$(DERIVED_FILE_DIR)/Pods-Vote-checkManifestLockResult.txt",
			);
			runOnlyForDeploymentPostprocessing = 0;
			shellPath = /bin/sh;
			shellScript = "diff \"${PODS_PODFILE_DIR_PATH}/Podfile.lock\" \"${PODS_ROOT}/Manifest.lock\" > /dev/null\nif [ $? != 0 ] ; then\n    # print error to STDERR\n    echo \"error: The sandbox is not in sync with the Podfile.lock. Run 'pod install' or update your CocoaPods installation.\" >&2\n    exit 1\nfi\n# This output is used by Xcode 'outputs' to avoid re-running this script phase.\necho \"SUCCESS\" > \"${SCRIPT_OUTPUT_FILE_0}\"\n";
			showEnvVarsInLog = 0;
		};
		A34F2A3283B5A184510A973C /* [CP] Copy Pods Resources */ = {
			isa = PBXShellScriptBuildPhase;
			buildActionMask = 2147483647;
			files = (
			);
			inputPaths = (
			);
			name = "[CP] Copy Pods Resources";
			outputPaths = (
			);
			runOnlyForDeploymentPostprocessing = 0;
			shellPath = /bin/sh;
			shellScript = "\"${SRCROOT}/Pods/Target Support Files/Pods-Vote/Pods-Vote-resources.sh\"\n";
			showEnvVarsInLog = 0;
		};
		F6999D3EA773EFEACF96A45E /* [CP] Embed Pods Frameworks */ = {
			isa = PBXShellScriptBuildPhase;
			buildActionMask = 2147483647;
			files = (
			);
			inputPaths = (
				"${SRCROOT}/Pods/Target Support Files/Pods-VoteTests/Pods-VoteTests-frameworks.sh",
				"${BUILT_PRODUCTS_DIR}/Nimble/Nimble.framework",
				"${BUILT_PRODUCTS_DIR}/Quick/Quick.framework",
			);
			name = "[CP] Embed Pods Frameworks";
			outputPaths = (
				"${TARGET_BUILD_DIR}/${FRAMEWORKS_FOLDER_PATH}/Nimble.framework",
				"${TARGET_BUILD_DIR}/${FRAMEWORKS_FOLDER_PATH}/Quick.framework",
			);
			runOnlyForDeploymentPostprocessing = 0;
			shellPath = /bin/sh;
			shellScript = "\"${SRCROOT}/Pods/Target Support Files/Pods-VoteTests/Pods-VoteTests-frameworks.sh\"\n";
			showEnvVarsInLog = 0;
		};
		F945942A3803D7F440BCE178 /* [CP] Embed Pods Frameworks */ = {
			isa = PBXShellScriptBuildPhase;
			buildActionMask = 2147483647;
			files = (
			);
			inputPaths = (
				"${SRCROOT}/Pods/Target Support Files/Pods-Vote/Pods-Vote-frameworks.sh",
				"${BUILT_PRODUCTS_DIR}/Alamofire/Alamofire.framework",
				"${BUILT_PRODUCTS_DIR}/AlamofireImage/AlamofireImage.framework",
				"${BUILT_PRODUCTS_DIR}/AsyncSwift/Async.framework",
				"${BUILT_PRODUCTS_DIR}/Device/Device.framework",
				"${BUILT_PRODUCTS_DIR}/Differentiator/Differentiator.framework",
				"${BUILT_PRODUCTS_DIR}/DynamicColor/DynamicColor.framework",
				"${BUILT_PRODUCTS_DIR}/KeychainAccess/KeychainAccess.framework",
				"${BUILT_PRODUCTS_DIR}/Moya/Moya.framework",
				"${BUILT_PRODUCTS_DIR}/NVActivityIndicatorView/NVActivityIndicatorView.framework",
				"${BUILT_PRODUCTS_DIR}/Realm/Realm.framework",
				"${BUILT_PRODUCTS_DIR}/RealmSwift/RealmSwift.framework",
				"${BUILT_PRODUCTS_DIR}/Result/Result.framework",
				"${BUILT_PRODUCTS_DIR}/RxAlamofire/RxAlamofire.framework",
				"${BUILT_PRODUCTS_DIR}/RxCocoa/RxCocoa.framework",
				"${BUILT_PRODUCTS_DIR}/RxDataSources/RxDataSources.framework",
				"${BUILT_PRODUCTS_DIR}/RxSwift/RxSwift.framework",
				"${BUILT_PRODUCTS_DIR}/SwiftDate/SwiftDate.framework",
				"${BUILT_PRODUCTS_DIR}/XLSwiftKit/XLSwiftKit.framework",
			);
			name = "[CP] Embed Pods Frameworks";
			outputPaths = (
				"${TARGET_BUILD_DIR}/${FRAMEWORKS_FOLDER_PATH}/Alamofire.framework",
				"${TARGET_BUILD_DIR}/${FRAMEWORKS_FOLDER_PATH}/AlamofireImage.framework",
				"${TARGET_BUILD_DIR}/${FRAMEWORKS_FOLDER_PATH}/Async.framework",
				"${TARGET_BUILD_DIR}/${FRAMEWORKS_FOLDER_PATH}/Device.framework",
				"${TARGET_BUILD_DIR}/${FRAMEWORKS_FOLDER_PATH}/Differentiator.framework",
				"${TARGET_BUILD_DIR}/${FRAMEWORKS_FOLDER_PATH}/DynamicColor.framework",
				"${TARGET_BUILD_DIR}/${FRAMEWORKS_FOLDER_PATH}/KeychainAccess.framework",
				"${TARGET_BUILD_DIR}/${FRAMEWORKS_FOLDER_PATH}/Moya.framework",
				"${TARGET_BUILD_DIR}/${FRAMEWORKS_FOLDER_PATH}/NVActivityIndicatorView.framework",
				"${TARGET_BUILD_DIR}/${FRAMEWORKS_FOLDER_PATH}/Realm.framework",
				"${TARGET_BUILD_DIR}/${FRAMEWORKS_FOLDER_PATH}/RealmSwift.framework",
				"${TARGET_BUILD_DIR}/${FRAMEWORKS_FOLDER_PATH}/Result.framework",
				"${TARGET_BUILD_DIR}/${FRAMEWORKS_FOLDER_PATH}/RxAlamofire.framework",
				"${TARGET_BUILD_DIR}/${FRAMEWORKS_FOLDER_PATH}/RxCocoa.framework",
				"${TARGET_BUILD_DIR}/${FRAMEWORKS_FOLDER_PATH}/RxDataSources.framework",
				"${TARGET_BUILD_DIR}/${FRAMEWORKS_FOLDER_PATH}/RxSwift.framework",
				"${TARGET_BUILD_DIR}/${FRAMEWORKS_FOLDER_PATH}/SwiftDate.framework",
				"${TARGET_BUILD_DIR}/${FRAMEWORKS_FOLDER_PATH}/XLSwiftKit.framework",
			);
			runOnlyForDeploymentPostprocessing = 0;
			shellPath = /bin/sh;
			shellScript = "\"${SRCROOT}/Pods/Target Support Files/Pods-Vote/Pods-Vote-frameworks.sh\"\n";
			showEnvVarsInLog = 0;
		};
/* End PBXShellScriptBuildPhase section */

/* Begin PBXSourcesBuildPhase section */
		35B1AA1D1FD35C1900362712 /* Sources */ = {
			isa = PBXSourcesBuildPhase;
			buildActionMask = 2147483647;
			files = (
				35E710501FD761D8006CE315 /* QuestionOptionsView.swift in Sources */,
				35E7104A1FD75B2C006CE315 /* QuestionTableView.swift in Sources */,
				35E710421FD74E8D006CE315 /* PrimarySplitViewController.swift in Sources */,
				35ECC5C81FD6218E009F5977 /* QuestionOptionsModel.swift in Sources */,
				3587B86E1FD44E58004B7B54 /* Color Utilities.swift in Sources */,
				35E7104D1FD7617F006CE315 /* AnswerQuestionViewController.swift in Sources */,
				35308FB01FE57175001C800A /* AnswerQuestionView.swift in Sources */,
				3587B86F1FD44E58004B7B54 /* StyleGlobals.swift in Sources */,
				35660BCD1FD3782600FBA959 /* RealmManager.swift in Sources */,
				3587B8691FD44DE2004B7B54 /* QuestionTableViewController.swift in Sources */,
				35E710481FD75378006CE315 /* AnswerView.swift in Sources */,
				35E710461FD751DC006CE315 /* QuestionView.swift in Sources */,
				35363EAE1FD9EB190019A873 /* QuestionOption.swift in Sources */,
				35ECC5C21FD619D3009F5977 /* QuestionTableViewModel.swift in Sources */,
				35C03EF31FD493C7000B225A /* QuestionTableViewCell.swift in Sources */,
				35363EAC1FD9DF760019A873 /* QuestionOptionToggle.swift in Sources */,
				35C03EEF1FD45E78000B225A /* VoteNavigationBar.swift in Sources */,
				35D4FDB11FF8A8D4003E3EFD /* ToggleStateAnimatable.swift in Sources */,
				35B1AA251FD35C1900362712 /* AppDelegate.swift in Sources */,
				35660BCF1FD37A6100FBA959 /* UserModel.swift in Sources */,
				35ECC5C61FD61AB7009F5977 /* QuestionModel.swift in Sources */,
			);
			runOnlyForDeploymentPostprocessing = 0;
		};
		35B1AA341FD35C1900362712 /* Sources */ = {
			isa = PBXSourcesBuildPhase;
			buildActionMask = 2147483647;
			files = (
				35B1AA3D1FD35C1900362712 /* VoteTests.swift in Sources */,
			);
			runOnlyForDeploymentPostprocessing = 0;
		};
		35B1AA3F1FD35C1900362712 /* Sources */ = {
			isa = PBXSourcesBuildPhase;
			buildActionMask = 2147483647;
			files = (
				35B1AA481FD35C1900362712 /* VoteUITests.swift in Sources */,
			);
			runOnlyForDeploymentPostprocessing = 0;
		};
/* End PBXSourcesBuildPhase section */

/* Begin PBXTargetDependency section */
		35B1AA3A1FD35C1900362712 /* PBXTargetDependency */ = {
			isa = PBXTargetDependency;
			target = 35B1AA201FD35C1900362712 /* Vote */;
			targetProxy = 35B1AA391FD35C1900362712 /* PBXContainerItemProxy */;
		};
		35B1AA451FD35C1900362712 /* PBXTargetDependency */ = {
			isa = PBXTargetDependency;
			target = 35B1AA201FD35C1900362712 /* Vote */;
			targetProxy = 35B1AA441FD35C1900362712 /* PBXContainerItemProxy */;
		};
/* End PBXTargetDependency section */

/* Begin PBXVariantGroup section */
		35B1AA281FD35C1900362712 /* Main.storyboard */ = {
			isa = PBXVariantGroup;
			children = (
				35B1AA291FD35C1900362712 /* Base */,
				35D4FDAF1FF86100003E3EFD /* ar */,
			);
			name = Main.storyboard;
			sourceTree = "<group>";
		};
		35B1AA301FD35C1900362712 /* LaunchScreen.storyboard */ = {
			isa = PBXVariantGroup;
			children = (
				35B1AA311FD35C1900362712 /* Base */,
				35D4FDAE1FF86100003E3EFD /* ar */,
			);
			name = LaunchScreen.storyboard;
			sourceTree = "<group>";
		};
/* End PBXVariantGroup section */

/* Begin XCBuildConfiguration section */
		35B1AA4A1FD35C1900362712 /* Debug */ = {
			isa = XCBuildConfiguration;
			buildSettings = {
				ALWAYS_SEARCH_USER_PATHS = NO;
				CLANG_ANALYZER_LOCALIZABILITY_NONLOCALIZED = YES;
				CLANG_ANALYZER_NONNULL = YES;
				CLANG_ANALYZER_NUMBER_OBJECT_CONVERSION = YES_AGGRESSIVE;
				CLANG_CXX_LANGUAGE_STANDARD = "gnu++14";
				CLANG_CXX_LIBRARY = "libc++";
				CLANG_ENABLE_MODULES = YES;
				CLANG_ENABLE_OBJC_ARC = YES;
				CLANG_WARN_BLOCK_CAPTURE_AUTORELEASING = YES;
				CLANG_WARN_BOOL_CONVERSION = YES;
				CLANG_WARN_COMMA = YES;
				CLANG_WARN_CONSTANT_CONVERSION = YES;
				CLANG_WARN_DIRECT_OBJC_ISA_USAGE = YES_ERROR;
				CLANG_WARN_DOCUMENTATION_COMMENTS = YES;
				CLANG_WARN_EMPTY_BODY = YES;
				CLANG_WARN_ENUM_CONVERSION = YES;
				CLANG_WARN_INFINITE_RECURSION = YES;
				CLANG_WARN_INT_CONVERSION = YES;
				CLANG_WARN_NON_LITERAL_NULL_CONVERSION = YES;
				CLANG_WARN_OBJC_LITERAL_CONVERSION = YES;
				CLANG_WARN_OBJC_ROOT_CLASS = YES_ERROR;
				CLANG_WARN_RANGE_LOOP_ANALYSIS = YES;
				CLANG_WARN_STRICT_PROTOTYPES = YES;
				CLANG_WARN_SUSPICIOUS_MOVE = YES;
				CLANG_WARN_UNGUARDED_AVAILABILITY = YES_AGGRESSIVE;
				CLANG_WARN_UNREACHABLE_CODE = YES;
				CLANG_WARN__DUPLICATE_METHOD_MATCH = YES;
				CODE_SIGN_IDENTITY = "iPhone Developer";
				COPY_PHASE_STRIP = NO;
				DEBUG_INFORMATION_FORMAT = dwarf;
				ENABLE_STRICT_OBJC_MSGSEND = YES;
				ENABLE_TESTABILITY = YES;
				GCC_C_LANGUAGE_STANDARD = gnu11;
				GCC_DYNAMIC_NO_PIC = NO;
				GCC_NO_COMMON_BLOCKS = YES;
				GCC_OPTIMIZATION_LEVEL = 0;
				GCC_PREPROCESSOR_DEFINITIONS = (
					"DEBUG=1",
					"$(inherited)",
				);
				GCC_WARN_64_TO_32_BIT_CONVERSION = YES;
				GCC_WARN_ABOUT_RETURN_TYPE = YES_ERROR;
				GCC_WARN_UNDECLARED_SELECTOR = YES;
				GCC_WARN_UNINITIALIZED_AUTOS = YES_AGGRESSIVE;
				GCC_WARN_UNUSED_FUNCTION = YES;
				GCC_WARN_UNUSED_VARIABLE = YES;
				IPHONEOS_DEPLOYMENT_TARGET = 11.1;
				MTL_ENABLE_DEBUG_INFO = YES;
				ONLY_ACTIVE_ARCH = YES;
				SDKROOT = iphoneos;
				SWIFT_ACTIVE_COMPILATION_CONDITIONS = DEBUG;
				SWIFT_OPTIMIZATION_LEVEL = "-Onone";
			};
			name = Debug;
		};
		35B1AA4B1FD35C1900362712 /* Release */ = {
			isa = XCBuildConfiguration;
			buildSettings = {
				ALWAYS_SEARCH_USER_PATHS = NO;
				CLANG_ANALYZER_LOCALIZABILITY_NONLOCALIZED = YES;
				CLANG_ANALYZER_NONNULL = YES;
				CLANG_ANALYZER_NUMBER_OBJECT_CONVERSION = YES_AGGRESSIVE;
				CLANG_CXX_LANGUAGE_STANDARD = "gnu++14";
				CLANG_CXX_LIBRARY = "libc++";
				CLANG_ENABLE_MODULES = YES;
				CLANG_ENABLE_OBJC_ARC = YES;
				CLANG_WARN_BLOCK_CAPTURE_AUTORELEASING = YES;
				CLANG_WARN_BOOL_CONVERSION = YES;
				CLANG_WARN_COMMA = YES;
				CLANG_WARN_CONSTANT_CONVERSION = YES;
				CLANG_WARN_DIRECT_OBJC_ISA_USAGE = YES_ERROR;
				CLANG_WARN_DOCUMENTATION_COMMENTS = YES;
				CLANG_WARN_EMPTY_BODY = YES;
				CLANG_WARN_ENUM_CONVERSION = YES;
				CLANG_WARN_INFINITE_RECURSION = YES;
				CLANG_WARN_INT_CONVERSION = YES;
				CLANG_WARN_NON_LITERAL_NULL_CONVERSION = YES;
				CLANG_WARN_OBJC_LITERAL_CONVERSION = YES;
				CLANG_WARN_OBJC_ROOT_CLASS = YES_ERROR;
				CLANG_WARN_RANGE_LOOP_ANALYSIS = YES;
				CLANG_WARN_STRICT_PROTOTYPES = YES;
				CLANG_WARN_SUSPICIOUS_MOVE = YES;
				CLANG_WARN_UNGUARDED_AVAILABILITY = YES_AGGRESSIVE;
				CLANG_WARN_UNREACHABLE_CODE = YES;
				CLANG_WARN__DUPLICATE_METHOD_MATCH = YES;
				CODE_SIGN_IDENTITY = "iPhone Developer";
				COPY_PHASE_STRIP = NO;
				DEBUG_INFORMATION_FORMAT = "dwarf-with-dsym";
				ENABLE_NS_ASSERTIONS = NO;
				ENABLE_STRICT_OBJC_MSGSEND = YES;
				GCC_C_LANGUAGE_STANDARD = gnu11;
				GCC_NO_COMMON_BLOCKS = YES;
				GCC_WARN_64_TO_32_BIT_CONVERSION = YES;
				GCC_WARN_ABOUT_RETURN_TYPE = YES_ERROR;
				GCC_WARN_UNDECLARED_SELECTOR = YES;
				GCC_WARN_UNINITIALIZED_AUTOS = YES_AGGRESSIVE;
				GCC_WARN_UNUSED_FUNCTION = YES;
				GCC_WARN_UNUSED_VARIABLE = YES;
				IPHONEOS_DEPLOYMENT_TARGET = 11.1;
				MTL_ENABLE_DEBUG_INFO = NO;
				SDKROOT = iphoneos;
				SWIFT_OPTIMIZATION_LEVEL = "-Owholemodule";
				VALIDATE_PRODUCT = YES;
			};
			name = Release;
		};
		35B1AA4D1FD35C1900362712 /* Debug */ = {
			isa = XCBuildConfiguration;
			baseConfigurationReference = CC7CD8E96BA46FF1D665304D /* Pods-Vote.debug.xcconfig */;
			buildSettings = {
				ASSETCATALOG_COMPILER_APPICON_NAME = AppIcon;
				CODE_SIGN_STYLE = Automatic;
				DEVELOPMENT_TEAM = 23YF8RW87L;
				FRAMEWORK_SEARCH_PATHS = (
					"$(inherited)",
					"$(PROJECT_DIR)",
				);
				INFOPLIST_FILE = Vote/Info.plist;
				IPHONEOS_DEPLOYMENT_TARGET = 11.1;
				LD_RUNPATH_SEARCH_PATHS = "$(inherited) @executable_path/Frameworks";
				PRODUCT_BUNDLE_IDENTIFIER = com.tizianocoroneo.Voter;
				PRODUCT_NAME = "$(TARGET_NAME)";
				SWIFT_OBJC_BRIDGING_HEADER = "Bridging-Header.h";
				SWIFT_VERSION = 4.0;
				TARGETED_DEVICE_FAMILY = "1,2";
			};
			name = Debug;
		};
		35B1AA4E1FD35C1900362712 /* Release */ = {
			isa = XCBuildConfiguration;
			baseConfigurationReference = 7095F44A858C6B9F9E38FB32 /* Pods-Vote.release.xcconfig */;
			buildSettings = {
				ASSETCATALOG_COMPILER_APPICON_NAME = AppIcon;
				CODE_SIGN_STYLE = Automatic;
				DEVELOPMENT_TEAM = 23YF8RW87L;
				FRAMEWORK_SEARCH_PATHS = (
					"$(inherited)",
					"$(PROJECT_DIR)",
				);
				INFOPLIST_FILE = Vote/Info.plist;
				IPHONEOS_DEPLOYMENT_TARGET = 11.1;
				LD_RUNPATH_SEARCH_PATHS = "$(inherited) @executable_path/Frameworks";
				PRODUCT_BUNDLE_IDENTIFIER = com.tizianocoroneo.Voter;
				PRODUCT_NAME = "$(TARGET_NAME)";
				SWIFT_OBJC_BRIDGING_HEADER = "Bridging-Header.h";
				SWIFT_VERSION = 4.0;
				TARGETED_DEVICE_FAMILY = "1,2";
			};
			name = Release;
		};
		35B1AA501FD35C1900362712 /* Debug */ = {
			isa = XCBuildConfiguration;
			baseConfigurationReference = 5688E9003EC6507C91A0EE97 /* Pods-VoteTests.debug.xcconfig */;
			buildSettings = {
				ALWAYS_EMBED_SWIFT_STANDARD_LIBRARIES = "$(inherited)";
				BUNDLE_LOADER = "$(TEST_HOST)";
				CODE_SIGN_STYLE = Automatic;
				DEVELOPMENT_TEAM = 23YF8RW87L;
				INFOPLIST_FILE = VoteTests/Info.plist;
				LD_RUNPATH_SEARCH_PATHS = "$(inherited) @executable_path/Frameworks @loader_path/Frameworks";
				PRODUCT_BUNDLE_IDENTIFIER = com.tizianocoroneo.VoteTests;
				PRODUCT_NAME = "$(TARGET_NAME)";
				SWIFT_VERSION = 4.0;
				TARGETED_DEVICE_FAMILY = "1,2";
				TEST_HOST = "$(BUILT_PRODUCTS_DIR)/Vote.app/Vote";
			};
			name = Debug;
		};
		35B1AA511FD35C1900362712 /* Release */ = {
			isa = XCBuildConfiguration;
			baseConfigurationReference = C9B8D16AC884A501C5A7A918 /* Pods-VoteTests.release.xcconfig */;
			buildSettings = {
				ALWAYS_EMBED_SWIFT_STANDARD_LIBRARIES = "$(inherited)";
				BUNDLE_LOADER = "$(TEST_HOST)";
				CODE_SIGN_STYLE = Automatic;
				DEVELOPMENT_TEAM = 23YF8RW87L;
				INFOPLIST_FILE = VoteTests/Info.plist;
				LD_RUNPATH_SEARCH_PATHS = "$(inherited) @executable_path/Frameworks @loader_path/Frameworks";
				PRODUCT_BUNDLE_IDENTIFIER = com.tizianocoroneo.VoteTests;
				PRODUCT_NAME = "$(TARGET_NAME)";
				SWIFT_VERSION = 4.0;
				TARGETED_DEVICE_FAMILY = "1,2";
				TEST_HOST = "$(BUILT_PRODUCTS_DIR)/Vote.app/Vote";
			};
			name = Release;
		};
		35B1AA531FD35C1900362712 /* Debug */ = {
			isa = XCBuildConfiguration;
			baseConfigurationReference = 8659DCDB56034FA2B5A0AD5A /* Pods-VoteUITests.debug.xcconfig */;
			buildSettings = {
				ALWAYS_EMBED_SWIFT_STANDARD_LIBRARIES = "$(inherited)";
				CODE_SIGN_STYLE = Automatic;
				DEVELOPMENT_TEAM = 23YF8RW87L;
				INFOPLIST_FILE = VoteUITests/Info.plist;
				LD_RUNPATH_SEARCH_PATHS = "$(inherited) @executable_path/Frameworks @loader_path/Frameworks";
				PRODUCT_BUNDLE_IDENTIFIER = com.tizianocoroneo.VoteUITests;
				PRODUCT_NAME = "$(TARGET_NAME)";
				SWIFT_VERSION = 4.0;
				TARGETED_DEVICE_FAMILY = "1,2";
				TEST_TARGET_NAME = Vote;
			};
			name = Debug;
		};
		35B1AA541FD35C1900362712 /* Release */ = {
			isa = XCBuildConfiguration;
			baseConfigurationReference = C850CA7117647DB1751377EC /* Pods-VoteUITests.release.xcconfig */;
			buildSettings = {
				ALWAYS_EMBED_SWIFT_STANDARD_LIBRARIES = "$(inherited)";
				CODE_SIGN_STYLE = Automatic;
				DEVELOPMENT_TEAM = 23YF8RW87L;
				INFOPLIST_FILE = VoteUITests/Info.plist;
				LD_RUNPATH_SEARCH_PATHS = "$(inherited) @executable_path/Frameworks @loader_path/Frameworks";
				PRODUCT_BUNDLE_IDENTIFIER = com.tizianocoroneo.VoteUITests;
				PRODUCT_NAME = "$(TARGET_NAME)";
				SWIFT_VERSION = 4.0;
				TARGETED_DEVICE_FAMILY = "1,2";
				TEST_TARGET_NAME = Vote;
			};
			name = Release;
		};
/* End XCBuildConfiguration section */

/* Begin XCConfigurationList section */
		35B1AA1C1FD35C1900362712 /* Build configuration list for PBXProject "Vote" */ = {
			isa = XCConfigurationList;
			buildConfigurations = (
				35B1AA4A1FD35C1900362712 /* Debug */,
				35B1AA4B1FD35C1900362712 /* Release */,
			);
			defaultConfigurationIsVisible = 0;
			defaultConfigurationName = Release;
		};
		35B1AA4C1FD35C1900362712 /* Build configuration list for PBXNativeTarget "Vote" */ = {
			isa = XCConfigurationList;
			buildConfigurations = (
				35B1AA4D1FD35C1900362712 /* Debug */,
				35B1AA4E1FD35C1900362712 /* Release */,
			);
			defaultConfigurationIsVisible = 0;
			defaultConfigurationName = Release;
		};
		35B1AA4F1FD35C1900362712 /* Build configuration list for PBXNativeTarget "VoteTests" */ = {
			isa = XCConfigurationList;
			buildConfigurations = (
				35B1AA501FD35C1900362712 /* Debug */,
				35B1AA511FD35C1900362712 /* Release */,
			);
			defaultConfigurationIsVisible = 0;
			defaultConfigurationName = Release;
		};
		35B1AA521FD35C1900362712 /* Build configuration list for PBXNativeTarget "VoteUITests" */ = {
			isa = XCConfigurationList;
			buildConfigurations = (
				35B1AA531FD35C1900362712 /* Debug */,
				35B1AA541FD35C1900362712 /* Release */,
			);
			defaultConfigurationIsVisible = 0;
			defaultConfigurationName = Release;
		};
/* End XCConfigurationList section */
	};
	rootObject = 35B1AA191FD35C1900362712 /* Project object */;
}
